{
  "requires": true,
  "lockfileVersion": 1,
  "dependencies": {
    "cookie": {
      "version": "0.3.1",
      "resolved": "https://registry.npmjs.org/cookie/-/cookie-0.3.1.tgz",
      "integrity": "sha1-5+Ch+e9DtMi6klxcWpboBtFoc7s="
    },
    "object-assign": {
      "version": "4.1.1",
      "resolved": "https://registry.npmjs.org/object-assign/-/object-assign-4.1.1.tgz",
      "integrity": "sha1-IQmtx5ZYh8/AXLvUQsrIv7s2CGM="
    },
    "react-cookies": {
      "version": "0.1.1",
      "resolved": "https://registry.npmjs.org/react-cookies/-/react-cookies-0.1.1.tgz",
      "integrity": "sha512-PP75kJ4vtoHuuTdq0TAD3RmlAv7vuDQh9fkC4oDlhntgs9vX1DmREomO0Y1mcQKR9nMZ6/zxoflaMJ3MAmF5KQ==",
      "requires": {
        "cookie": "^0.3.1",
        "object-assign": "^4.1.1"
      }
    }
  }
}
